# This file is automatically @generated by Cargo.
# It is not intended for manual editing.
version = 4

[[package]]
name = "capstone"
version = "0.1.0"
dependencies = [
 "engine0",
]

[[package]]
name = "ch01-fake-model"
version = "0.1.0"
dependencies = [
 "capstone",
]

[[package]]
name = "ch03-roofline"
version = "0.1.0"
dependencies = [
 "capstone",
]

[[package]]
name = "ch04-prefill-decode"
version = "0.1.0"
dependencies = [
 "capstone",
]

[[package]]
name = "ch05-kv-cache"
version = "0.1.0"
dependencies = [
 "capstone",
]

[[package]]
name = "ch07-gemm"
version = "0.1.0"
dependencies = [
 "capstone",
]

[[package]]
name = "ch08-flashattention"
version = "0.1.0"

[[package]]
name = "ch09-decode-attention"
version = "0.1.0"

[[package]]
name = "ch10-weight-quant"
version = "0.1.0"

[[package]]
name = "ch11-block-formats"
version = "0.1.0"
dependencies = [
 "ch10-weight-quant",
]

[[package]]
name = "ch12-kv-quant"
version = "0.1.0"
dependencies = [
 "ch10-weight-quant",
 "ch11-block-formats",
]

[[package]]
name = "ch13-launch"
version = "0.1.0"

[[package]]
name = "ch14-request-lifecycle"
version = "0.1.0"

[[package]]
name = "engine0"
version = "0.1.0"
